
Microsoft Visual Studio Solution File, Format Version 12.00
# Visual Studio Version 17
VisualStudioVersion = 17.6.33717.318
MinimumVisualStudioVersion = 10.0.40219.1
Project("{FAE04EC0-301F-11D3-BF4B-00C04F79EFBC}") = "DesignStack", "DesignStack\DesignStack.csproj", "{54979225-037D-45AF-AE35-B32E9822E6D8}"
EndProject
Global
	GlobalSection(SolutionConfigurationPlatforms) = preSolution
		Debug|Any CPU = Debug|Any CPU
		Release|Any CPU = Release|Any CPU
	EndGlobalSection
	GlobalSection(ProjectConfigurationPlatforms) = postSolution
		{54979225-037D-45AF-AE35-B32E9822E6D8}.Debug|Any CPU.ActiveCfg = Debug|Any CPU
		{54979225-037D-45AF-AE35-B32E9822E6D8}.Debug|Any CPU.Build.0 = Debug|Any CPU
		{54979225-037D-45AF-AE35-B32E9822E6D8}.Release|Any CPU.ActiveCfg = Release|Any CPU
		{54979225-037D-45AF-AE35-B32E9822E6D8}.Release|Any CPU.Build.0 = Release|Any CPU
	EndGlobalSection
	GlobalSection(SolutionProperties) = preSolution
		HideSolutionNode = FALSE
	EndGlobalSection
	GlobalSection(ExtensibilityGlobals) = postSolution
		SolutionGuid = {FAE47FD9-B138-4AD2-8E31-D0B51D1BED0C}
	EndGlobalSection
EndGlobal
